
Microsoft Visual Studio Solution File, Format Version 12.00
# Visual Studio Version 16
VisualStudioVersion = 16.0.30717.126
MinimumVisualStudioVersion = 10.0.40219.1
Project("{FAE04EC0-301F-11D3-BF4B-00C04F79EFBC}") = "api_financial_control", "api_financial_control.csproj", "{E51493F3-1BA6-4501-8D10-8F4B3D8967D3}"
EndProject
Project("{FAE04EC0-301F-11D3-BF4B-00C04F79EFBC}") = "api_financial_control_entitiesLibrary", "api_financial_control_entitiesLibrary\api_financial_control_entitiesLibrary.csproj", "{697B5EBE-EBCA-48EC-B539-73515A37E108}"
EndProject
Project("{FAE04EC0-301F-11D3-BF4B-00C04F79EFBC}") = "DataBaseConnection", "api_financial_control_dbConnection\api_financial_control_dbConnection\DataBaseConnection.csproj", "{F2B7B064-F51E-4574-AC3D-D5B638A2A552}"
EndProject
Global
	GlobalSection(SolutionConfigurationPlatforms) = preSolution
		Debug|Any CPU = Debug|Any CPU
		Release|Any CPU = Release|Any CPU
	EndGlobalSection
	GlobalSection(ProjectConfigurationPlatforms) = postSolution
		{E51493F3-1BA6-4501-8D10-8F4B3D8967D3}.Debug|Any CPU.ActiveCfg = Debug|Any CPU
		{E51493F3-1BA6-4501-8D10-8F4B3D8967D3}.Debug|Any CPU.Build.0 = Debug|Any CPU
		{E51493F3-1BA6-4501-8D10-8F4B3D8967D3}.Release|Any CPU.ActiveCfg = Release|Any CPU
		{E51493F3-1BA6-4501-8D10-8F4B3D8967D3}.Release|Any CPU.Build.0 = Release|Any CPU
		{697B5EBE-EBCA-48EC-B539-73515A37E108}.Debug|Any CPU.ActiveCfg = Debug|Any CPU
		{697B5EBE-EBCA-48EC-B539-73515A37E108}.Debug|Any CPU.Build.0 = Debug|Any CPU
		{697B5EBE-EBCA-48EC-B539-73515A37E108}.Release|Any CPU.ActiveCfg = Release|Any CPU
		{697B5EBE-EBCA-48EC-B539-73515A37E108}.Release|Any CPU.Build.0 = Release|Any CPU
		{F2B7B064-F51E-4574-AC3D-D5B638A2A552}.Debug|Any CPU.ActiveCfg = Debug|Any CPU
		{F2B7B064-F51E-4574-AC3D-D5B638A2A552}.Debug|Any CPU.Build.0 = Debug|Any CPU
		{F2B7B064-F51E-4574-AC3D-D5B638A2A552}.Release|Any CPU.ActiveCfg = Release|Any CPU
		{F2B7B064-F51E-4574-AC3D-D5B638A2A552}.Release|Any CPU.Build.0 = Release|Any CPU
	EndGlobalSection
	GlobalSection(SolutionProperties) = preSolution
		HideSolutionNode = FALSE
	EndGlobalSection
	GlobalSection(ExtensibilityGlobals) = postSolution
		SolutionGuid = {E1BAAD19-E1DB-42F3-B837-43805A4124ED}
	EndGlobalSection
EndGlobal
